// !$*UTF8*$!
{
	archiveVersion = 1;
	classes = {
	};
	objectVersion = 55;
	objects = {

/* Begin PBXBuildFile section */
		EB6287B7272E04B20036BEFB /* Node.cpp in Sources */ = {isa = PBXBuildFile; fileRef = EB6287B5272E04B20036BEFB /* Node.cpp */; };
		EB934475272E01B000B99481 /* main.cpp in Sources */ = {isa = PBXBuildFile; fileRef = EB934474272E01B000B99481 /* main.cpp */; };
		EBFAC7AC2734268600E335A2 /* Stack.cpp in Sources */ = {isa = PBXBuildFile; fileRef = EBFAC7AA2734268600E335A2 /* Stack.cpp */; };
		EBFAC7AF273426B300E335A2 /* Queue.cpp in Sources */ = {isa = PBXBuildFile; fileRef = EBFAC7AD273426B300E335A2 /* Queue.cpp */; };
		EBFAC7B2273426EA00E335A2 /* Executive.cpp in Sources */ = {isa = PBXBuildFile; fileRef = EBFAC7B0273426EA00E335A2 /* Executive.cpp */; };
/* End PBXBuildFile section */

/* Begin PBXCopyFilesBuildPhase section */
		EB93446F272E01B000B99481 /* CopyFiles */ = {
			isa = PBXCopyFilesBuildPhase;
			buildActionMask = 2147483647;
			dstPath = /usr/share/man/man1/;
			dstSubfolderSpec = 0;
			files = (
			);
			runOnlyForDeploymentPostprocessing = 1;
		};
/* End PBXCopyFilesBuildPhase section */

/* Begin PBXFileReference section */
		EB6287B5272E04B20036BEFB /* Node.cpp */ = {isa = PBXFileReference; lastKnownFileType = sourcecode.cpp.cpp; path = Node.cpp; sourceTree = "<group>"; };
		EB6287B6272E04B20036BEFB /* Node.h */ = {isa = PBXFileReference; lastKnownFileType = sourcecode.c.h; path = Node.h; sourceTree = "<group>"; };
		EB934471272E01B000B99481 /* lab4COPY */ = {isa = PBXFileReference; explicitFileType = "compiled.mach-o.executable"; includeInIndex = 0; path = lab4COPY; sourceTree = BUILT_PRODUCTS_DIR; };
		EB934474272E01B000B99481 /* main.cpp */ = {isa = PBXFileReference; lastKnownFileType = sourcecode.cpp.cpp; path = main.cpp; sourceTree = "<group>"; };
		EB93447D272E023300B99481 /* input.txt */ = {isa = PBXFileReference; lastKnownFileType = text; path = input.txt; sourceTree = "<group>"; };
		EBFAC7A92734266A00E335A2 /* StackInterface.h */ = {isa = PBXFileReference; lastKnownFileType = sourcecode.c.h; path = StackInterface.h; sourceTree = "<group>"; };
		EBFAC7AA2734268600E335A2 /* Stack.cpp */ = {isa = PBXFileReference; lastKnownFileType = sourcecode.cpp.cpp; path = Stack.cpp; sourceTree = "<group>"; };
		EBFAC7AB2734268600E335A2 /* Stack.h */ = {isa = PBXFileReference; lastKnownFileType = sourcecode.c.h; path = Stack.h; sourceTree = "<group>"; };
		EBFAC7AD273426B300E335A2 /* Queue.cpp */ = {isa = PBXFileReference; lastKnownFileType = sourcecode.cpp.cpp; path = Queue.cpp; sourceTree = "<group>"; };
		EBFAC7AE273426B300E335A2 /* Queue.h */ = {isa = PBXFileReference; lastKnownFileType = sourcecode.c.h; path = Queue.h; sourceTree = "<group>"; };
		EBFAC7B0273426EA00E335A2 /* Executive.cpp */ = {isa = PBXFileReference; lastKnownFileType = sourcecode.cpp.cpp; path = Executive.cpp; sourceTree = "<group>"; };
		EBFAC7B1273426EA00E335A2 /* Executive.h */ = {isa = PBXFileReference; lastKnownFileType = sourcecode.c.h; path = Executive.h; sourceTree = "<group>"; };
		EBFAC7B32734283100E335A2 /* QueueInterface.h */ = {isa = PBXFileReference; lastKnownFileType = sourcecode.c.h; path = QueueInterface.h; sourceTree = "<group>"; };
/* End PBXFileReference section */

/* Begin PBXFrameworksBuildPhase section */
		EB93446E272E01B000B99481 /* Frameworks */ = {
			isa = PBXFrameworksBuildPhase;
			buildActionMask = 2147483647;
			files = (
			);
			runOnlyForDeploymentPostprocessing = 0;
		};
/* End PBXFrameworksBuildPhase section */

/* Begin PBXGroup section */
		EB934468272E01B000B99481 = {
			isa = PBXGroup;
			children = (
				EB934473272E01B000B99481 /* lab4 */,
				EB934472272E01B000B99481 /* Products */,
			);
			sourceTree = "<group>";
		};
		EB934472272E01B000B99481 /* Products */ = {
			isa = PBXGroup;
			children = (
				EB934471272E01B000B99481 /* lab4COPY */,
			);
			name = Products;
			sourceTree = "<group>";
		};
		EB934473272E01B000B99481 /* lab4 */ = {
			isa = PBXGroup;
			children = (
				EB934474272E01B000B99481 /* main.cpp */,
				EBFAC7B32734283100E335A2 /* QueueInterface.h */,
				EBFAC7AD273426B300E335A2 /* Queue.cpp */,
				EBFAC7AE273426B300E335A2 /* Queue.h */,
				EBFAC7B0273426EA00E335A2 /* Executive.cpp */,
				EBFAC7B1273426EA00E335A2 /* Executive.h */,
				EB6287B5272E04B20036BEFB /* Node.cpp */,
				EB6287B6272E04B20036BEFB /* Node.h */,
				EBFAC7A92734266A00E335A2 /* StackInterface.h */,
				EBFAC7AA2734268600E335A2 /* Stack.cpp */,
				EBFAC7AB2734268600E335A2 /* Stack.h */,
				EB93447D272E023300B99481 /* input.txt */,
			);
			path = lab4;
			sourceTree = "<group>";
		};
/* End PBXGroup section */

/* Begin PBXNativeTarget section */
		EB934470272E01B000B99481 /* lab4COPY */ = {
			isa = PBXNativeTarget;
			buildConfigurationList = EB934478272E01B000B99481 /* Build configuration list for PBXNativeTarget "lab4COPY" */;
			buildPhases = (
				EB93446D272E01B000B99481 /* Sources */,
				EB93446E272E01B000B99481 /* Frameworks */,
				EB93446F272E01B000B99481 /* CopyFiles */,
			);
			buildRules = (
			);
			dependencies = (
			);
			name = lab4COPY;
			productName = lab4;
			productReference = EB934471272E01B000B99481 /* lab4COPY */;
			productType = "com.apple.product-type.tool";
		};
/* End PBXNativeTarget section */

/* Begin PBXProject section */
		EB934469272E01B000B99481 /* Project object */ = {
			isa = PBXProject;
			attributes = {
				BuildIndependentTargetsInParallel = 1;
				LastUpgradeCheck = 1300;
				TargetAttributes = {
					EB934470272E01B000B99481 = {
						CreatedOnToolsVersion = 13.0;
					};
				};
			};
			buildConfigurationList = EB93446C272E01B000B99481 /* Build configuration list for PBXProject "lab4COPY" */;
			compatibilityVersion = "Xcode 13.0";
			developmentRegion = en;
			hasScannedForEncodings = 0;
			knownRegions = (
				en,
				Base,
			);
			mainGroup = EB934468272E01B000B99481;
			productRefGroup = EB934472272E01B000B99481 /* Products */;
			projectDirPath = "";
			projectRoot = "";
			targets = (
				EB934470272E01B000B99481 /* lab4COPY */,
			);
		};
/* End PBXProject section */

/* Begin PBXSourcesBuildPhase section */
		EB93446D272E01B000B99481 /* Sources */ = {
			isa = PBXSourcesBuildPhase;
			buildActionMask = 2147483647;
			files = (
				EBFAC7B2273426EA00E335A2 /* Executive.cpp in Sources */,
				EBFAC7AC2734268600E335A2 /* Stack.cpp in Sources */,
				EB6287B7272E04B20036BEFB /* Node.cpp in Sources */,
				EBFAC7AF273426B300E335A2 /* Queue.cpp in Sources */,
				EB934475272E01B000B99481 /* main.cpp in Sources */,
			);
			runOnlyForDeploymentPostprocessing = 0;
		};
/* End PBXSourcesBuildPhase section */

/* Begin XCBuildConfiguration section */
		EB934476272E01B000B99481 /* Debug */ = {
			isa = XCBuildConfiguration;
			buildSettings = {
				ALWAYS_SEARCH_USER_PATHS = NO;
				CLANG_ANALYZER_NONNULL = YES;
				CLANG_ANALYZER_NUMBER_OBJECT_CONVERSION = YES_AGGRESSIVE;
				CLANG_CXX_LANGUAGE_STANDARD = "gnu++17";
				CLANG_CXX_LIBRARY = "libc++";
				CLANG_ENABLE_MODULES = YES;
				CLANG_ENABLE_OBJC_ARC = YES;
				CLANG_ENABLE_OBJC_WEAK = YES;
				CLANG_WARN_BLOCK_CAPTURE_AUTORELEASING = YES;
				CLANG_WARN_BOOL_CONVERSION = YES;
				CLANG_WARN_COMMA = YES;
				CLANG_WARN_CONSTANT_CONVERSION = YES;
				CLANG_WARN_DEPRECATED_OBJC_IMPLEMENTATIONS = YES;
				CLANG_WARN_DIRECT_OBJC_ISA_USAGE = YES_ERROR;
				CLANG_WARN_DOCUMENTATION_COMMENTS = YES;
				CLANG_WARN_EMPTY_BODY = YES;
				CLANG_WARN_ENUM_CONVERSION = YES;
				CLANG_WARN_INFINITE_RECURSION = YES;
				CLANG_WARN_INT_CONVERSION = YES;
				CLANG_WARN_NON_LITERAL_NULL_CONVERSION = YES;
				CLANG_WARN_OBJC_IMPLICIT_RETAIN_SELF = YES;
				CLANG_WARN_OBJC_LITERAL_CONVERSION = YES;
				CLANG_WARN_OBJC_ROOT_CLASS = YES_ERROR;
				CLANG_WARN_QUOTED_INCLUDE_IN_FRAMEWORK_HEADER = YES;
				CLANG_WARN_RANGE_LOOP_ANALYSIS = YES;
				CLANG_WARN_STRICT_PROTOTYPES = YES;
				CLANG_WARN_SUSPICIOUS_MOVE = YES;
				CLANG_WARN_UNGUARDED_AVAILABILITY = YES_AGGRESSIVE;
				CLANG_WARN_UNREACHABLE_CODE = YES;
				CLANG_WARN__DUPLICATE_METHOD_MATCH = YES;
				COPY_PHASE_STRIP = NO;
				DEBUG_INFORMATION_FORMAT = dwarf;
				ENABLE_STRICT_OBJC_MSGSEND = YES;
				ENABLE_TESTABILITY = YES;
				GCC_C_LANGUAGE_STANDARD = gnu11;
				GCC_DYNAMIC_NO_PIC = NO;
				GCC_NO_COMMON_BLOCKS = YES;
				GCC_OPTIMIZATION_LEVEL = 0;
				GCC_PREPROCESSOR_DEFINITIONS = (
					"DEBUG=1",
					"$(inherited)",
				);
				GCC_WARN_64_TO_32_BIT_CONVERSION = YES;
				GCC_WARN_ABOUT_RETURN_TYPE = YES_ERROR;
				GCC_WARN_UNDECLARED_SELECTOR = YES;
				GCC_WARN_UNINITIALIZED_AUTOS = YES_AGGRESSIVE;
				GCC_WARN_UNUSED_FUNCTION = YES;
				GCC_WARN_UNUSED_VARIABLE = YES;
				MACOSX_DEPLOYMENT_TARGET = 11.3;
				MTL_ENABLE_DEBUG_INFO = INCLUDE_SOURCE;
				MTL_FAST_MATH = YES;
				ONLY_ACTIVE_ARCH = YES;
				SDKROOT = macosx;
			};
			name = Debug;
		};
		EB934477272E01B000B99481 /* Release */ = {
			isa = XCBuildConfiguration;
			buildSettings = {
				ALWAYS_SEARCH_USER_PATHS = NO;
				CLANG_ANALYZER_NONNULL = YES;
				CLANG_ANALYZER_NUMBER_OBJECT_CONVERSION = YES_AGGRESSIVE;
				CLANG_CXX_LANGUAGE_STANDARD = "gnu++17";
				CLANG_CXX_LIBRARY = "libc++";
				CLANG_ENABLE_MODULES = YES;
				CLANG_ENABLE_OBJC_ARC = YES;
				CLANG_ENABLE_OBJC_WEAK = YES;
				CLANG_WARN_BLOCK_CAPTURE_AUTORELEASING = YES;
				CLANG_WARN_BOOL_CONVERSION = YES;
				CLANG_WARN_COMMA = YES;
				CLANG_WARN_CONSTANT_CONVERSION = YES;
				CLANG_WARN_DEPRECATED_OBJC_IMPLEMENTATIONS = YES;
				CLANG_WARN_DIRECT_OBJC_ISA_USAGE = YES_ERROR;
				CLANG_WARN_DOCUMENTATION_COMMENTS = YES;
				CLANG_WARN_EMPTY_BODY = YES;
				CLANG_WARN_ENUM_CONVERSION = YES;
				CLANG_WARN_INFINITE_RECURSION = YES;
				CLANG_WARN_INT_CONVERSION = YES;
				CLANG_WARN_NON_LITERAL_NULL_CONVERSION = YES;
				CLANG_WARN_OBJC_IMPLICIT_RETAIN_SELF = YES;
				CLANG_WARN_OBJC_LITERAL_CONVERSION = YES;
				CLANG_WARN_OBJC_ROOT_CLASS = YES_ERROR;
				CLANG_WARN_QUOTED_INCLUDE_IN_FRAMEWORK_HEADER = YES;
				CLANG_WARN_RANGE_LOOP_ANALYSIS = YES;
				CLANG_WARN_STRICT_PROTOTYPES = YES;
				CLANG_WARN_SUSPICIOUS_MOVE = YES;
				CLANG_WARN_UNGUARDED_AVAILABILITY = YES_AGGRESSIVE;
				CLANG_WARN_UNREACHABLE_CODE = YES;
				CLANG_WARN__DUPLICATE_METHOD_MATCH = YES;
				COPY_PHASE_STRIP = NO;
				DEBUG_INFORMATION_FORMAT = "dwarf-with-dsym";
				ENABLE_NS_ASSERTIONS = NO;
				ENABLE_STRICT_OBJC_MSGSEND = YES;
				GCC_C_LANGUAGE_STANDARD = gnu11;
				GCC_NO_COMMON_BLOCKS = YES;
				GCC_WARN_64_TO_32_BIT_CONVERSION = YES;
				GCC_WARN_ABOUT_RETURN_TYPE = YES_ERROR;
				GCC_WARN_UNDECLARED_SELECTOR = YES;
				GCC_WARN_UNINITIALIZED_AUTOS = YES_AGGRESSIVE;
				GCC_WARN_UNUSED_FUNCTION = YES;
				GCC_WARN_UNUSED_VARIABLE = YES;
				MACOSX_DEPLOYMENT_TARGET = 11.3;
				MTL_ENABLE_DEBUG_INFO = NO;
				MTL_FAST_MATH = YES;
				SDKROOT = macosx;
			};
			name = Release;
		};
		EB934479272E01B000B99481 /* Debug */ = {
			isa = XCBuildConfiguration;
			buildSettings = {
				CODE_SIGN_STYLE = Automatic;
				DEVELOPMENT_TEAM = USS2JPH3QX;
				ENABLE_HARDENED_RUNTIME = YES;
				PRODUCT_NAME = "$(TARGET_NAME)";
			};
			name = Debug;
		};
		EB93447A272E01B000B99481 /* Release */ = {
			isa = XCBuildConfiguration;
			buildSettings = {
				CODE_SIGN_STYLE = Automatic;
				DEVELOPMENT_TEAM = USS2JPH3QX;
				ENABLE_HARDENED_RUNTIME = YES;
				PRODUCT_NAME = "$(TARGET_NAME)";
			};
			name = Release;
		};
/* End XCBuildConfiguration section */

/* Begin XCConfigurationList section */
		EB93446C272E01B000B99481 /* Build configuration list for PBXProject "lab4COPY" */ = {
			isa = XCConfigurationList;
			buildConfigurations = (
				EB934476272E01B000B99481 /* Debug */,
				EB934477272E01B000B99481 /* Release */,
			);
			defaultConfigurationIsVisible = 0;
			defaultConfigurationName = Release;
		};
		EB934478272E01B000B99481 /* Build configuration list for PBXNativeTarget "lab4COPY" */ = {
			isa = XCConfigurationList;
			buildConfigurations = (
				EB934479272E01B000B99481 /* Debug */,
				EB93447A272E01B000B99481 /* Release */,
			);
			defaultConfigurationIsVisible = 0;
			defaultConfigurationName = Release;
		};
/* End XCConfigurationList section */
	};
	rootObject = EB934469272E01B000B99481 /* Project object */;
}
